
Microsoft Visual Studio Solution File, Format Version 12.00
# Visual Studio 15
VisualStudioVersion = 15.0.28307.421
MinimumVisualStudioVersion = 10.0.40219.1
Project("{8BC9CEB8-8B4A-11D0-8D11-00A0C91BC942}") = "Main", "Main\Main.vcxproj", "{C9B208FD-02BA-4DEA-A534-4C662B07ED3D}"
EndProject
Project("{8BC9CEB8-8B4A-11D0-8D11-00A0C91BC942}") = "Creator", "Creator\Creator.vcxproj", "{EE48D622-C136-4954-B809-0065594D41D4}"
EndProject
Project("{8BC9CEB8-8B4A-11D0-8D11-00A0C91BC942}") = "Reporter", "Reporter\Reporter.vcxproj", "{B6EF331C-3881-4585-99B4-C0C5001360DF}"
EndProject
Global
	GlobalSection(SolutionConfigurationPlatforms) = preSolution
		Debug|x64 = Debug|x64
		Debug|x86 = Debug|x86
		Release|x64 = Release|x64
		Release|x86 = Release|x86
	EndGlobalSection
	GlobalSection(ProjectConfigurationPlatforms) = postSolution
		{C9B208FD-02BA-4DEA-A534-4C662B07ED3D}.Debug|x64.ActiveCfg = Debug|x64
		{C9B208FD-02BA-4DEA-A534-4C662B07ED3D}.Debug|x64.Build.0 = Debug|x64
		{C9B208FD-02BA-4DEA-A534-4C662B07ED3D}.Debug|x86.ActiveCfg = Debug|Win32
		{C9B208FD-02BA-4DEA-A534-4C662B07ED3D}.Debug|x86.Build.0 = Debug|Win32
		{C9B208FD-02BA-4DEA-A534-4C662B07ED3D}.Release|x64.ActiveCfg = Release|x64
		{C9B208FD-02BA-4DEA-A534-4C662B07ED3D}.Release|x64.Build.0 = Release|x64
		{C9B208FD-02BA-4DEA-A534-4C662B07ED3D}.Release|x86.ActiveCfg = Release|Win32
		{C9B208FD-02BA-4DEA-A534-4C662B07ED3D}.Release|x86.Build.0 = Release|Win32
		{EE48D622-C136-4954-B809-0065594D41D4}.Debug|x64.ActiveCfg = Debug|x64
		{EE48D622-C136-4954-B809-0065594D41D4}.Debug|x64.Build.0 = Debug|x64
		{EE48D622-C136-4954-B809-0065594D41D4}.Debug|x86.ActiveCfg = Debug|Win32
		{EE48D622-C136-4954-B809-0065594D41D4}.Debug|x86.Build.0 = Debug|Win32
		{EE48D622-C136-4954-B809-0065594D41D4}.Release|x64.ActiveCfg = Release|x64
		{EE48D622-C136-4954-B809-0065594D41D4}.Release|x64.Build.0 = Release|x64
		{EE48D622-C136-4954-B809-0065594D41D4}.Release|x86.ActiveCfg = Release|Win32
		{EE48D622-C136-4954-B809-0065594D41D4}.Release|x86.Build.0 = Release|Win32
		{B6EF331C-3881-4585-99B4-C0C5001360DF}.Debug|x64.ActiveCfg = Debug|x64
		{B6EF331C-3881-4585-99B4-C0C5001360DF}.Debug|x64.Build.0 = Debug|x64
		{B6EF331C-3881-4585-99B4-C0C5001360DF}.Debug|x86.ActiveCfg = Debug|Win32
		{B6EF331C-3881-4585-99B4-C0C5001360DF}.Debug|x86.Build.0 = Debug|Win32
		{B6EF331C-3881-4585-99B4-C0C5001360DF}.Release|x64.ActiveCfg = Release|x64
		{B6EF331C-3881-4585-99B4-C0C5001360DF}.Release|x64.Build.0 = Release|x64
		{B6EF331C-3881-4585-99B4-C0C5001360DF}.Release|x86.ActiveCfg = Release|Win32
		{B6EF331C-3881-4585-99B4-C0C5001360DF}.Release|x86.Build.0 = Release|Win32
	EndGlobalSection
	GlobalSection(SolutionProperties) = preSolution
		HideSolutionNode = FALSE
	EndGlobalSection
	GlobalSection(ExtensibilityGlobals) = postSolution
		SolutionGuid = {FFC3AD27-2FA1-454A-80AD-23D42A5C05BD}
	EndGlobalSection
EndGlobal
