
Microsoft Visual Studio Solution File, Format Version 12.00
# Visual Studio 15
VisualStudioVersion = 15.0.28010.2046
MinimumVisualStudioVersion = 10.0.40219.1
Project("{8BC9CEB8-8B4A-11D0-8D11-00A0C91BC942}") = "threads-lab1", "threads-lab1\threads-lab1.vcxproj", "{1E7529B5-F55E-4458-AA04-03D874F06E19}"
EndProject
Project("{8BC9CEB8-8B4A-11D0-8D11-00A0C91BC942}") = "threads-lab1-facultative", "threads-lab1-facultative\threads-lab1-facultative.vcxproj", "{B49FE14C-71BE-4FD4-A5AA-1E547014A2B9}"
EndProject
Global
	GlobalSection(SolutionConfigurationPlatforms) = preSolution
		Debug|x64 = Debug|x64
		Debug|x86 = Debug|x86
		Release|x64 = Release|x64
		Release|x86 = Release|x86
	EndGlobalSection
	GlobalSection(ProjectConfigurationPlatforms) = postSolution
		{1E7529B5-F55E-4458-AA04-03D874F06E19}.Debug|x64.ActiveCfg = Debug|x64
		{1E7529B5-F55E-4458-AA04-03D874F06E19}.Debug|x64.Build.0 = Debug|x64
		{1E7529B5-F55E-4458-AA04-03D874F06E19}.Debug|x86.ActiveCfg = Debug|Win32
		{1E7529B5-F55E-4458-AA04-03D874F06E19}.Debug|x86.Build.0 = Debug|Win32
		{1E7529B5-F55E-4458-AA04-03D874F06E19}.Release|x64.ActiveCfg = Release|x64
		{1E7529B5-F55E-4458-AA04-03D874F06E19}.Release|x64.Build.0 = Release|x64
		{1E7529B5-F55E-4458-AA04-03D874F06E19}.Release|x86.ActiveCfg = Release|Win32
		{1E7529B5-F55E-4458-AA04-03D874F06E19}.Release|x86.Build.0 = Release|Win32
		{B49FE14C-71BE-4FD4-A5AA-1E547014A2B9}.Debug|x64.ActiveCfg = Debug|x64
		{B49FE14C-71BE-4FD4-A5AA-1E547014A2B9}.Debug|x64.Build.0 = Debug|x64
		{B49FE14C-71BE-4FD4-A5AA-1E547014A2B9}.Debug|x86.ActiveCfg = Debug|Win32
		{B49FE14C-71BE-4FD4-A5AA-1E547014A2B9}.Debug|x86.Build.0 = Debug|Win32
		{B49FE14C-71BE-4FD4-A5AA-1E547014A2B9}.Release|x64.ActiveCfg = Release|x64
		{B49FE14C-71BE-4FD4-A5AA-1E547014A2B9}.Release|x64.Build.0 = Release|x64
		{B49FE14C-71BE-4FD4-A5AA-1E547014A2B9}.Release|x86.ActiveCfg = Release|Win32
		{B49FE14C-71BE-4FD4-A5AA-1E547014A2B9}.Release|x86.Build.0 = Release|Win32
	EndGlobalSection
	GlobalSection(SolutionProperties) = preSolution
		HideSolutionNode = FALSE
	EndGlobalSection
	GlobalSection(ExtensibilityGlobals) = postSolution
		SolutionGuid = {274BA1C1-DB4D-4715-BF53-640F3770EAFD}
	EndGlobalSection
EndGlobal
